
Microsoft Visual Studio Solution File, Format Version 12.00
# Visual Studio Version 16
VisualStudioVersion = 16.0.31105.61
MinimumVisualStudioVersion = 10.0.40219.1
Project("{FAE04EC0-301F-11D3-BF4B-00C04F79EFBC}") = "BamBus", "BamBus.csproj", "{A96AA529-3B2F-45D0-9E06-D7EFD2A9E381}"
EndProject
Global
	GlobalSection(SolutionConfigurationPlatforms) = preSolution
		Debug|Any CPU = Debug|Any CPU
		Release|Any CPU = Release|Any CPU
	EndGlobalSection
	GlobalSection(ProjectConfigurationPlatforms) = postSolution
		{A96AA529-3B2F-45D0-9E06-D7EFD2A9E381}.Debug|Any CPU.ActiveCfg = Debug|Any CPU
		{A96AA529-3B2F-45D0-9E06-D7EFD2A9E381}.Debug|Any CPU.Build.0 = Debug|Any CPU
		{A96AA529-3B2F-45D0-9E06-D7EFD2A9E381}.Release|Any CPU.ActiveCfg = Release|Any CPU
		{A96AA529-3B2F-45D0-9E06-D7EFD2A9E381}.Release|Any CPU.Build.0 = Release|Any CPU
	EndGlobalSection
	GlobalSection(SolutionProperties) = preSolution
		HideSolutionNode = FALSE
	EndGlobalSection
	GlobalSection(ExtensibilityGlobals) = postSolution
		SolutionGuid = {EAE9CE20-05FB-463B-9010-9ED875E238C3}
	EndGlobalSection
EndGlobal
